{
  "version": 4,
  "terraform_version": "1.3.1",
  "serial": 310,
  "lineage": "20072969-93b7-d2f6-fe0c-d4a05b7a0e53",
  "outputs": {},
  "resources": [
    {
      "module": "module.networking",
      "mode": "managed",
      "type": "openstack_networking_network_v2",
      "name": "network",
      "provider": "provider[\"registry.terraform.io/terraform-provider-openstack/openstack\"]",
      "instances": [
        {
          "schema_version": 0,
          "attributes": {
            "admin_state_up": true,
            "all_tags": [],
            "availability_zone_hints": [],
            "description": "",
            "dns_domain": "",
            "external": false,
            "id": "c4675b4a-b4c7-4460-9433-5b61514a9745",
            "mtu": 1450,
            "name": "proyecto4-network-lab2",
            "port_security_enabled": true,
            "qos_policy_id": "",
            "region": "RegionOne",
            "segments": [],
            "shared": false,
            "tags": [],
            "tenant_id": "716afe6c2b884314ae709c6ff6b5feca",
            "timeouts": null,
            "transparent_vlan": false,
            "value_specs": null
          },
          "sensitive_attributes": [],
          "private": "eyJlMmJmYjczMC1lY2FhLTExZTYtOGY4OC0zNDM2M2JjN2M0YzAiOnsiY3JlYXRlIjo2MDAwMDAwMDAwMDAsImRlbGV0ZSI6NjAwMDAwMDAwMDAwfX0="
        }
      ]
    },
    {
      "module": "module.networking",
      "mode": "managed",
      "type": "openstack_networking_subnet_v2",
      "name": "subnetwork",
      "provider": "provider[\"registry.terraform.io/terraform-provider-openstack/openstack\"]",
      "instances": [
        {
          "schema_version": 0,
          "attributes": {
            "all_tags": [],
            "allocation_pool": [
              {
                "end": "10.40.20.254",
                "start": "10.40.20.2"
              }
            ],
            "allocation_pools": [
              {
                "end": "10.40.20.254",
                "start": "10.40.20.2"
              }
            ],
            "cidr": "10.40.20.0/24",
            "description": "",
            "dns_nameservers": [
              "8.8.8.8"
            ],
            "enable_dhcp": true,
            "gateway_ip": "10.40.20.1",
            "host_routes": [],
            "id": "f1b736cd-4581-4cd2-82d5-e0a938fc9f54",
            "ip_version": 4,
            "ipv6_address_mode": "",
            "ipv6_ra_mode": "",
            "name": "proyecto4-subnetwork-lab2",
            "network_id": "c4675b4a-b4c7-4460-9433-5b61514a9745",
            "no_gateway": false,
            "prefix_length": null,
            "region": "RegionOne",
            "subnetpool_id": "",
            "tags": [],
            "tenant_id": "716afe6c2b884314ae709c6ff6b5feca",
            "timeouts": null,
            "value_specs": null
          },
          "sensitive_attributes": [],
          "private": "eyJlMmJmYjczMC1lY2FhLTExZTYtOGY4OC0zNDM2M2JjN2M0YzAiOnsiY3JlYXRlIjo2MDAwMDAwMDAwMDAsImRlbGV0ZSI6NjAwMDAwMDAwMDAwfX0=",
          "dependencies": [
            "module.networking.openstack_networking_network_v2.network"
          ]
        }
      ]
    }
  ],
  "check_results": []
}
