{
  "version": 4,
  "terraform_version": "1.3.1",
  "serial": 83,
  "lineage": "20072969-93b7-d2f6-fe0c-d4a05b7a0e53",
  "outputs": {
    "net_id": {
      "value": "edbccbcf-512b-467b-a7e7-a79516a90a83",
      "type": "string"
    }
  },
  "resources": [
    {
      "module": "module.networking",
      "mode": "data",
      "type": "openstack_networking_network_v2",
      "name": "external_network",
      "provider": "provider[\"registry.terraform.io/terraform-provider-openstack/openstack\"]",
      "instances": [
        {
          "schema_version": 0,
          "attributes": {
            "admin_state_up": "true",
            "all_tags": [],
            "availability_zone_hints": [],
            "description": "",
            "dns_domain": "",
            "external": true,
            "id": "7b7060d1-173d-483d-87e4-9173a19985f0",
            "matching_subnet_cidr": null,
            "mtu": 1500,
            "name": "external-network",
            "network_id": null,
            "region": "RegionOne",
            "shared": "false",
            "status": null,
            "subnets": [
              "bda6fe0b-b1c9-42ca-9821-c55af83e2374"
            ],
            "tags": null,
            "tenant_id": "7acfc0656ffc45e693fe73655a810368",
            "transparent_vlan": false
          },
          "sensitive_attributes": []
        }
      ]
    },
    {
      "module": "module.networking",
      "mode": "managed",
      "type": "openstack_networking_network_v2",
      "name": "network",
      "provider": "provider[\"registry.terraform.io/terraform-provider-openstack/openstack\"]",
      "instances": [
        {
          "schema_version": 0,
          "attributes": {
            "admin_state_up": true,
            "all_tags": [],
            "availability_zone_hints": [],
            "description": "",
            "dns_domain": "",
            "external": false,
            "id": "edbccbcf-512b-467b-a7e7-a79516a90a83",
            "mtu": 1450,
            "name": "proyecto4-network-lab2",
            "port_security_enabled": true,
            "qos_policy_id": "",
            "region": "RegionOne",
            "segments": [],
            "shared": false,
            "tags": [],
            "tenant_id": "716afe6c2b884314ae709c6ff6b5feca",
            "timeouts": null,
            "transparent_vlan": false,
            "value_specs": null
          },
          "sensitive_attributes": [],
          "private": "eyJlMmJmYjczMC1lY2FhLTExZTYtOGY4OC0zNDM2M2JjN2M0YzAiOnsiY3JlYXRlIjo2MDAwMDAwMDAwMDAsImRlbGV0ZSI6NjAwMDAwMDAwMDAwfX0="
        }
      ]
    },
    {
      "module": "module.networking",
      "mode": "managed",
      "type": "openstack_networking_router_interface_v2",
      "name": "router_interface",
      "provider": "provider[\"registry.terraform.io/terraform-provider-openstack/openstack\"]",
      "instances": [
        {
          "schema_version": 0,
          "attributes": {
            "id": "08772187-0ee0-439e-bbc8-fea7ead97e1b",
            "port_id": "08772187-0ee0-439e-bbc8-fea7ead97e1b",
            "region": "RegionOne",
            "router_id": "bf71bd1a-7936-4efb-ad8a-4255a1361da6",
            "subnet_id": "37fef06d-1e1a-4d37-bd49-b88c0bf90518",
            "timeouts": null
          },
          "sensitive_attributes": [],
          "private": "eyJlMmJmYjczMC1lY2FhLTExZTYtOGY4OC0zNDM2M2JjN2M0YzAiOnsiY3JlYXRlIjo2MDAwMDAwMDAwMDAsImRlbGV0ZSI6NjAwMDAwMDAwMDAwfX0=",
          "dependencies": [
            "module.networking.data.openstack_networking_network_v2.external_network",
            "module.networking.openstack_networking_network_v2.network",
            "module.networking.openstack_networking_router_v2.router",
            "module.networking.openstack_networking_subnet_v2.subnetwork"
          ]
        }
      ]
    },
    {
      "module": "module.networking",
      "mode": "managed",
      "type": "openstack_networking_router_v2",
      "name": "router",
      "provider": "provider[\"registry.terraform.io/terraform-provider-openstack/openstack\"]",
      "instances": [
        {
          "schema_version": 0,
          "attributes": {
            "admin_state_up": true,
            "all_tags": [],
            "availability_zone_hints": [],
            "description": "",
            "distributed": false,
            "enable_snat": true,
            "external_fixed_ip": [
              {
                "ip_address": "147.156.86.13",
                "subnet_id": "bda6fe0b-b1c9-42ca-9821-c55af83e2374"
              }
            ],
            "external_gateway": "7b7060d1-173d-483d-87e4-9173a19985f0",
            "external_network_id": "7b7060d1-173d-483d-87e4-9173a19985f0",
            "external_subnet_ids": null,
            "id": "bf71bd1a-7936-4efb-ad8a-4255a1361da6",
            "name": "proyecto4-router-lab2",
            "region": "RegionOne",
            "tags": [],
            "tenant_id": "716afe6c2b884314ae709c6ff6b5feca",
            "timeouts": null,
            "value_specs": null,
            "vendor_options": []
          },
          "sensitive_attributes": [],
          "private": "eyJlMmJmYjczMC1lY2FhLTExZTYtOGY4OC0zNDM2M2JjN2M0YzAiOnsiY3JlYXRlIjo2MDAwMDAwMDAwMDAsImRlbGV0ZSI6NjAwMDAwMDAwMDAwfX0=",
          "dependencies": [
            "module.networking.data.openstack_networking_network_v2.external_network"
          ]
        }
      ]
    },
    {
      "module": "module.networking",
      "mode": "managed",
      "type": "openstack_networking_subnet_v2",
      "name": "subnetwork",
      "provider": "provider[\"registry.terraform.io/terraform-provider-openstack/openstack\"]",
      "instances": [
        {
          "schema_version": 0,
          "attributes": {
            "all_tags": [],
            "allocation_pool": [
              {
                "end": "10.40.20.254",
                "start": "10.40.20.2"
              }
            ],
            "allocation_pools": [
              {
                "end": "10.40.20.254",
                "start": "10.40.20.2"
              }
            ],
            "cidr": "10.40.20.0/24",
            "description": "",
            "dns_nameservers": [
              "8.8.8.8"
            ],
            "enable_dhcp": true,
            "gateway_ip": "10.40.20.1",
            "host_routes": [],
            "id": "37fef06d-1e1a-4d37-bd49-b88c0bf90518",
            "ip_version": 4,
            "ipv6_address_mode": "",
            "ipv6_ra_mode": "",
            "name": "proyecto4-subnetwork-lab2",
            "network_id": "edbccbcf-512b-467b-a7e7-a79516a90a83",
            "no_gateway": false,
            "prefix_length": null,
            "region": "RegionOne",
            "subnetpool_id": "",
            "tags": [],
            "tenant_id": "716afe6c2b884314ae709c6ff6b5feca",
            "timeouts": null,
            "value_specs": null
          },
          "sensitive_attributes": [],
          "private": "eyJlMmJmYjczMC1lY2FhLTExZTYtOGY4OC0zNDM2M2JjN2M0YzAiOnsiY3JlYXRlIjo2MDAwMDAwMDAwMDAsImRlbGV0ZSI6NjAwMDAwMDAwMDAwfX0=",
          "dependencies": [
            "module.networking.openstack_networking_network_v2.network"
          ]
        }
      ]
    },
    {
      "module": "module.secgroup",
      "mode": "managed",
      "type": "openstack_compute_secgroup_v2",
      "name": "secgroup",
      "provider": "provider[\"registry.terraform.io/terraform-provider-openstack/openstack\"]",
      "instances": [
        {
          "schema_version": 0,
          "attributes": {
            "description": "Created secgroup",
            "id": "37776fe5-83ef-473d-a613-10f9d1188c42",
            "name": "proyecto4-security-group-lab2",
            "region": "RegionOne",
            "rule": [],
            "timeouts": null
          },
          "sensitive_attributes": [],
          "private": "eyJlMmJmYjczMC1lY2FhLTExZTYtOGY4OC0zNDM2M2JjN2M0YzAiOnsiZGVsZXRlIjo2MDAwMDAwMDAwMDB9fQ=="
        }
      ]
    },
    {
      "module": "module.secgroup_rule_http",
      "mode": "managed",
      "type": "openstack_networking_secgroup_rule_v2",
      "name": "secgroup_rule",
      "provider": "provider[\"registry.terraform.io/terraform-provider-openstack/openstack\"]",
      "instances": [
        {
          "schema_version": 0,
          "attributes": {
            "description": "",
            "direction": "ingress",
            "ethertype": "IPv4",
            "id": "0b53f1ef-af3d-40e8-94f2-4fea32d39440",
            "port_range_max": 80,
            "port_range_min": 80,
            "protocol": "tcp",
            "region": "RegionOne",
            "remote_group_id": "",
            "remote_ip_prefix": "",
            "security_group_id": "37776fe5-83ef-473d-a613-10f9d1188c42",
            "tenant_id": "716afe6c2b884314ae709c6ff6b5feca",
            "timeouts": null
          },
          "sensitive_attributes": [],
          "private": "eyJlMmJmYjczMC1lY2FhLTExZTYtOGY4OC0zNDM2M2JjN2M0YzAiOnsiZGVsZXRlIjo2MDAwMDAwMDAwMDB9fQ==",
          "dependencies": [
            "module.secgroup.openstack_compute_secgroup_v2.secgroup"
          ]
        }
      ]
    }
  ],
  "check_results": []
}
